
Microsoft Visual Studio Solution File, Format Version 12.00
# Visual Studio 15
VisualStudioVersion = 15.0.27703.2026
MinimumVisualStudioVersion = 10.0.40219.1
Project("{FAE04EC0-301F-11D3-BF4B-00C04F79EFBC}") = "Brett Tech Control Panel V3", "Brett Tech Control Panel V3\Brett Tech Control Panel V3.csproj", "{C255AF78-08EC-44C4-9B8F-F9DAE8F3391D}"
EndProject
Global
	GlobalSection(SolutionConfigurationPlatforms) = preSolution
		Debug|Any CPU = Debug|Any CPU
		Release|Any CPU = Release|Any CPU
	EndGlobalSection
	GlobalSection(ProjectConfigurationPlatforms) = postSolution
		{C255AF78-08EC-44C4-9B8F-F9DAE8F3391D}.Debug|Any CPU.ActiveCfg = Debug|Any CPU
		{C255AF78-08EC-44C4-9B8F-F9DAE8F3391D}.Debug|Any CPU.Build.0 = Debug|Any CPU
		{C255AF78-08EC-44C4-9B8F-F9DAE8F3391D}.Release|Any CPU.ActiveCfg = Release|Any CPU
		{C255AF78-08EC-44C4-9B8F-F9DAE8F3391D}.Release|Any CPU.Build.0 = Release|Any CPU
	EndGlobalSection
	GlobalSection(SolutionProperties) = preSolution
		HideSolutionNode = FALSE
	EndGlobalSection
	GlobalSection(ExtensibilityGlobals) = postSolution
		SolutionGuid = {05DD53B9-6EB1-4267-B53D-D53DED97233C}
	EndGlobalSection
EndGlobal
